
Microsoft Visual Studio Solution File, Format Version 10.00
# Visual Studio 2008
Project("{FAE04EC0-301F-11D3-BF4B-00C04F79EFBC}") = "IronScheme", "IronScheme\IronScheme.csproj", "{04D8D17C-DF2F-4894-9A66-2E75A78A5D22}"
EndProject
Project("{2150E333-8FDC-42A3-9474-1A3956D46DE8}") = "Solution Items", "Solution Items", "{8E8F0778-DF4A-4B58-8A4B-9922BDF96D58}"
	ProjectSection(SolutionItems) = preProject
		dlr.diff = dlr.diff
		header.bmp = header.bmp
		ironscheme.ico = ironscheme.ico
		License.html = License.html
		logo-128.png = logo-128.png
		logo-192.png = logo-192.png
		logtest.bat = logtest.bat
		r6rstest.bat = r6rstest.bat
		todo.txt = todo.txt
		welcome.bmp = welcome.bmp
	EndProjectSection
EndProject
Project("{FAE04EC0-301F-11D3-BF4B-00C04F79EFBC}") = "Microsoft.Scripting", "Microsoft.Scripting\Microsoft.Scripting.csproj", "{2AE75F5A-CD1F-4925-9647-AF4D1C282FB4}"
EndProject
Project("{2150E333-8FDC-42A3-9474-1A3956D46DE8}") = "Tools", "Tools", "{06F93FA9-2424-489F-8F3B-F1F7165E5A44}"
	ProjectSection(SolutionItems) = preProject
		tools\gplex.exe = tools\gplex.exe
		tools\gplexx.frame = tools\gplexx.frame
		tools\gppg.exe = tools\gppg.exe
		tools\IronScheme.VisualStudio.dll = tools\IronScheme.VisualStudio.dll
		tools\RegPkg.exe = tools\RegPkg.exe
		tools\RegPkg.exe.config = tools\RegPkg.exe.config
		tools\ShiftReduceParser.dll = tools\ShiftReduceParser.dll
	EndProjectSection
EndProject
Project("{FAE04EC0-301F-11D3-BF4B-00C04F79EFBC}") = "IronScheme.Closures", "IronScheme.Closures\IronScheme.Closures.csproj", "{8554DCC7-7F8E-4F98-AA54-C27DAA550D4C}"
	ProjectSection(ProjectDependencies) = postProject
		{36084D27-12DC-40FE-BE74-C830B7D0F620} = {36084D27-12DC-40FE-BE74-C830B7D0F620}
	EndProjectSection
EndProject
Project("{FAE04EC0-301F-11D3-BF4B-00C04F79EFBC}") = "TailCallMaker", "TailCallMaker\TailCallMaker.csproj", "{36084D27-12DC-40FE-BE74-C830B7D0F620}"
EndProject
Project("{FAE04EC0-301F-11D3-BF4B-00C04F79EFBC}") = "IronScheme.Web", "IronScheme.Web\IronScheme.Web.csproj", "{7BABDF0D-A9D2-4089-9ED6-27DFC6F3D498}"
EndProject
Project("{FAE04EC0-301F-11D3-BF4B-00C04F79EFBC}") = "IronScheme.Console", "IronScheme.Console\IronScheme.Console.csproj", "{5E6FDEC6-9AF4-4DFD-804E-D8A131326C20}"
EndProject
Project("{FAE04EC0-301F-11D3-BF4B-00C04F79EFBC}") = "EmbeddingConsole", "Samples\EmbeddingConsole\EmbeddingConsole.csproj", "{1D7426EB-2FF1-46C8-8458-442067E66D24}"
EndProject
Project("{2150E333-8FDC-42A3-9474-1A3956D46DE8}") = "Samples", "Samples", "{0F075144-4F66-4BA2-9EA4-F7A9A68D0128}"
EndProject
Project("{FAE04EC0-301F-11D3-BF4B-00C04F79EFBC}") = "EmbeddingSample2", "Samples\EmbeddingSample2\EmbeddingSample2.csproj", "{560818DE-C49E-4798-960F-6DED05BFD8B0}"
EndProject
Global
	GlobalSection(TeamFoundationVersionControl) = preSolution
		SccNumberOfProjects = 9
		SccEnterpriseProvider = {4CA58AB2-18FA-4F8D-95D4-32DDF27D184C}
		SccTeamFoundationServer = https://tfs02.codeplex.com/
		SccLocalPath0 = .
		SccProjectUniqueName1 = IronScheme\\IronScheme.csproj
		SccProjectName1 = IronScheme
		SccLocalPath1 = IronScheme
		SccProjectUniqueName2 = Microsoft.Scripting\\Microsoft.Scripting.csproj
		SccProjectName2 = Microsoft.Scripting
		SccLocalPath2 = Microsoft.Scripting
		SccProjectUniqueName3 = IronScheme.Closures\\IronScheme.Closures.csproj
		SccProjectName3 = IronScheme.Closures
		SccLocalPath3 = IronScheme.Closures
		SccProjectUniqueName4 = TailCallMaker\\TailCallMaker.csproj
		SccProjectTopLevelParentUniqueName4 = IronScheme2008.sln
		SccProjectName4 = TailCallMaker
		SccLocalPath4 = TailCallMaker
		SccProjectUniqueName5 = IronScheme.Web\\IronScheme.Web.csproj
		SccProjectName5 = IronScheme.Web
		SccLocalPath5 = IronScheme.Web
		SccProjectUniqueName6 = IronScheme.Console\\IronScheme.Console.csproj
		SccProjectName6 = IronScheme.Console
		SccLocalPath6 = IronScheme.Console
		SccProjectUniqueName7 = Samples\\EmbeddingConsole\\EmbeddingConsole.csproj
		SccProjectTopLevelParentUniqueName7 = IronScheme2008.sln
		SccProjectName7 = Samples/EmbeddingConsole
		SccLocalPath7 = Samples\\EmbeddingConsole
		SccProjectUniqueName8 = Samples\\EmbeddingSample2\\EmbeddingSample2.csproj
		SccProjectTopLevelParentUniqueName8 = IronScheme2008.sln
		SccProjectName8 = Samples/EmbeddingSample2
		SccLocalPath8 = Samples\\EmbeddingSample2
	EndGlobalSection
	GlobalSection(SolutionConfigurationPlatforms) = preSolution
		Debug - CPS|Any CPU = Debug - CPS|Any CPU
		Debug|Any CPU = Debug|Any CPU
		Release|Any CPU = Release|Any CPU
	EndGlobalSection
	GlobalSection(ProjectConfigurationPlatforms) = postSolution
		{04D8D17C-DF2F-4894-9A66-2E75A78A5D22}.Debug - CPS|Any CPU.ActiveCfg = Debug - CPS|Any CPU
		{04D8D17C-DF2F-4894-9A66-2E75A78A5D22}.Debug - CPS|Any CPU.Build.0 = Debug - CPS|Any CPU
		{04D8D17C-DF2F-4894-9A66-2E75A78A5D22}.Debug|Any CPU.ActiveCfg = Debug|Any CPU
		{04D8D17C-DF2F-4894-9A66-2E75A78A5D22}.Debug|Any CPU.Build.0 = Debug|Any CPU
		{04D8D17C-DF2F-4894-9A66-2E75A78A5D22}.Release|Any CPU.ActiveCfg = Release|Any CPU
		{04D8D17C-DF2F-4894-9A66-2E75A78A5D22}.Release|Any CPU.Build.0 = Release|Any CPU
		{2AE75F5A-CD1F-4925-9647-AF4D1C282FB4}.Debug - CPS|Any CPU.ActiveCfg = Release|Any CPU
		{2AE75F5A-CD1F-4925-9647-AF4D1C282FB4}.Debug - CPS|Any CPU.Build.0 = Release|Any CPU
		{2AE75F5A-CD1F-4925-9647-AF4D1C282FB4}.Debug|Any CPU.ActiveCfg = Debug|Any CPU
		{2AE75F5A-CD1F-4925-9647-AF4D1C282FB4}.Debug|Any CPU.Build.0 = Debug|Any CPU
		{2AE75F5A-CD1F-4925-9647-AF4D1C282FB4}.Release|Any CPU.ActiveCfg = Release|Any CPU
		{2AE75F5A-CD1F-4925-9647-AF4D1C282FB4}.Release|Any CPU.Build.0 = Release|Any CPU
		{8554DCC7-7F8E-4F98-AA54-C27DAA550D4C}.Debug - CPS|Any CPU.ActiveCfg = Debug - CPS|Any CPU
		{8554DCC7-7F8E-4F98-AA54-C27DAA550D4C}.Debug - CPS|Any CPU.Build.0 = Debug - CPS|Any CPU
		{8554DCC7-7F8E-4F98-AA54-C27DAA550D4C}.Debug|Any CPU.ActiveCfg = Debug|Any CPU
		{8554DCC7-7F8E-4F98-AA54-C27DAA550D4C}.Debug|Any CPU.Build.0 = Debug|Any CPU
		{8554DCC7-7F8E-4F98-AA54-C27DAA550D4C}.Release|Any CPU.ActiveCfg = Release|Any CPU
		{8554DCC7-7F8E-4F98-AA54-C27DAA550D4C}.Release|Any CPU.Build.0 = Release|Any CPU
		{36084D27-12DC-40FE-BE74-C830B7D0F620}.Debug - CPS|Any CPU.ActiveCfg = Debug - CPS|Any CPU
		{36084D27-12DC-40FE-BE74-C830B7D0F620}.Debug - CPS|Any CPU.Build.0 = Debug - CPS|Any CPU
		{36084D27-12DC-40FE-BE74-C830B7D0F620}.Debug|Any CPU.ActiveCfg = Debug|Any CPU
		{36084D27-12DC-40FE-BE74-C830B7D0F620}.Debug|Any CPU.Build.0 = Debug|Any CPU
		{36084D27-12DC-40FE-BE74-C830B7D0F620}.Release|Any CPU.ActiveCfg = Release|Any CPU
		{36084D27-12DC-40FE-BE74-C830B7D0F620}.Release|Any CPU.Build.0 = Release|Any CPU
		{7BABDF0D-A9D2-4089-9ED6-27DFC6F3D498}.Debug - CPS|Any CPU.ActiveCfg = Debug - CPS|Any CPU
		{7BABDF0D-A9D2-4089-9ED6-27DFC6F3D498}.Debug - CPS|Any CPU.Build.0 = Debug - CPS|Any CPU
		{7BABDF0D-A9D2-4089-9ED6-27DFC6F3D498}.Debug|Any CPU.ActiveCfg = Debug|Any CPU
		{7BABDF0D-A9D2-4089-9ED6-27DFC6F3D498}.Debug|Any CPU.Build.0 = Debug|Any CPU
		{7BABDF0D-A9D2-4089-9ED6-27DFC6F3D498}.Release|Any CPU.ActiveCfg = Release|Any CPU
		{7BABDF0D-A9D2-4089-9ED6-27DFC6F3D498}.Release|Any CPU.Build.0 = Release|Any CPU
		{5E6FDEC6-9AF4-4DFD-804E-D8A131326C20}.Debug - CPS|Any CPU.ActiveCfg = Debug - CPS|Any CPU
		{5E6FDEC6-9AF4-4DFD-804E-D8A131326C20}.Debug - CPS|Any CPU.Build.0 = Debug - CPS|Any CPU
		{5E6FDEC6-9AF4-4DFD-804E-D8A131326C20}.Debug|Any CPU.ActiveCfg = Debug|Any CPU
		{5E6FDEC6-9AF4-4DFD-804E-D8A131326C20}.Debug|Any CPU.Build.0 = Debug|Any CPU
		{5E6FDEC6-9AF4-4DFD-804E-D8A131326C20}.Release|Any CPU.ActiveCfg = Release|Any CPU
		{5E6FDEC6-9AF4-4DFD-804E-D8A131326C20}.Release|Any CPU.Build.0 = Release|Any CPU
		{1D7426EB-2FF1-46C8-8458-442067E66D24}.Debug - CPS|Any CPU.ActiveCfg = Debug|Any CPU
		{1D7426EB-2FF1-46C8-8458-442067E66D24}.Debug - CPS|Any CPU.Build.0 = Debug|Any CPU
		{1D7426EB-2FF1-46C8-8458-442067E66D24}.Debug|Any CPU.ActiveCfg = Debug|Any CPU
		{1D7426EB-2FF1-46C8-8458-442067E66D24}.Debug|Any CPU.Build.0 = Debug|Any CPU
		{1D7426EB-2FF1-46C8-8458-442067E66D24}.Release|Any CPU.ActiveCfg = Release|Any CPU
		{1D7426EB-2FF1-46C8-8458-442067E66D24}.Release|Any CPU.Build.0 = Release|Any CPU
		{560818DE-C49E-4798-960F-6DED05BFD8B0}.Debug - CPS|Any CPU.ActiveCfg = Debug|Any CPU
		{560818DE-C49E-4798-960F-6DED05BFD8B0}.Debug - CPS|Any CPU.Build.0 = Debug|Any CPU
		{560818DE-C49E-4798-960F-6DED05BFD8B0}.Debug|Any CPU.ActiveCfg = Debug|Any CPU
		{560818DE-C49E-4798-960F-6DED05BFD8B0}.Debug|Any CPU.Build.0 = Debug|Any CPU
		{560818DE-C49E-4798-960F-6DED05BFD8B0}.Release|Any CPU.ActiveCfg = Release|Any CPU
		{560818DE-C49E-4798-960F-6DED05BFD8B0}.Release|Any CPU.Build.0 = Release|Any CPU
	EndGlobalSection
	GlobalSection(SolutionProperties) = preSolution
		HideSolutionNode = FALSE
	EndGlobalSection
	GlobalSection(NestedProjects) = preSolution
		{36084D27-12DC-40FE-BE74-C830B7D0F620} = {06F93FA9-2424-489F-8F3B-F1F7165E5A44}
		{1D7426EB-2FF1-46C8-8458-442067E66D24} = {0F075144-4F66-4BA2-9EA4-F7A9A68D0128}
		{560818DE-C49E-4798-960F-6DED05BFD8B0} = {0F075144-4F66-4BA2-9EA4-F7A9A68D0128}
	EndGlobalSection
EndGlobal
