
Microsoft Visual Studio Solution File, Format Version 9.00
# Visual Studio 2005
Project("{FAE04EC0-301F-11D3-BF4B-00C04F79EFBC}") = "IronScheme", "IronScheme\IronScheme.csproj", "{04D8D17C-DF2F-4894-9A66-2E75A78A5D22}"
	ProjectSection(WebsiteProperties) = preProject
		Debug.AspNetCompiler.Debug = "True"
		Release.AspNetCompiler.Debug = "False"
	EndProjectSection
EndProject
Project("{2150E333-8FDC-42A3-9474-1A3956D46DE8}") = "Solution Items", "Solution Items", "{8E8F0778-DF4A-4B58-8A4B-9922BDF96D58}"
	ProjectSection(WebsiteProperties) = preProject
		Debug.AspNetCompiler.Debug = "True"
		Release.AspNetCompiler.Debug = "False"
	EndProjectSection
	ProjectSection(SolutionItems) = preProject
		dlr.diff = dlr.diff
		header.bmp = header.bmp
		ideas.txt = ideas.txt
		ironscheme.ico = ironscheme.ico
		ironscheme.nsi = ironscheme.nsi
		License.html = License.html
		todo.txt = todo.txt
		welcome.bmp = welcome.bmp
	EndProjectSection
EndProject
Project("{FAE04EC0-301F-11D3-BF4B-00C04F79EFBC}") = "Microsoft.Scripting", "Microsoft.Scripting\Microsoft.Scripting.csproj", "{2AE75F5A-CD1F-4925-9647-AF4D1C282FB4}"
	ProjectSection(WebsiteProperties) = preProject
		Debug.AspNetCompiler.Debug = "True"
		Release.AspNetCompiler.Debug = "False"
	EndProjectSection
EndProject
Project("{FAE04EC0-301F-11D3-BF4B-00C04F79EFBC}") = "IronScheme.Console", "IronSchemeConsole\IronScheme.Console.csproj", "{5E6FDEC6-9AF4-4DFD-804E-D8A131326C20}"
	ProjectSection(WebsiteProperties) = preProject
		Debug.AspNetCompiler.Debug = "True"
		Release.AspNetCompiler.Debug = "False"
	EndProjectSection
EndProject
Project("{2150E333-8FDC-42A3-9474-1A3956D46DE8}") = "Tools", "Tools", "{06F93FA9-2424-489F-8F3B-F1F7165E5A44}"
	ProjectSection(WebsiteProperties) = preProject
		Debug.AspNetCompiler.Debug = "True"
		Release.AspNetCompiler.Debug = "False"
	EndProjectSection
	ProjectSection(SolutionItems) = preProject
		tools\gplex.exe = tools\gplex.exe
		tools\gplexx.frame = tools\gplexx.frame
		tools\gppg.exe = tools\gppg.exe
		tools\ShiftReduceParser.dll = tools\ShiftReduceParser.dll
	EndProjectSection
EndProject
Project("{FAE04EC0-301F-11D3-BF4B-00C04F79EFBC}") = "IronScheme.Closures", "IronScheme.Closures\IronScheme.Closures.csproj", "{8554DCC7-7F8E-4F98-AA54-C27DAA550D4C}"
	ProjectSection(WebsiteProperties) = preProject
		Debug.AspNetCompiler.Debug = "True"
		Release.AspNetCompiler.Debug = "False"
	EndProjectSection
	ProjectSection(ProjectDependencies) = postProject
		{36084D27-12DC-40FE-BE74-C830B7D0F620} = {36084D27-12DC-40FE-BE74-C830B7D0F620}
	EndProjectSection
EndProject
Project("{FAE04EC0-301F-11D3-BF4B-00C04F79EFBC}") = "TailCallMaker", "TailCallMaker\TailCallMaker.csproj", "{36084D27-12DC-40FE-BE74-C830B7D0F620}"
	ProjectSection(WebsiteProperties) = preProject
		Debug.AspNetCompiler.Debug = "True"
		Release.AspNetCompiler.Debug = "False"
	EndProjectSection
EndProject
Project("{FAE04EC0-301F-11D3-BF4B-00C04F79EFBC}") = "IronScheme.Web", "IronScheme.Web\IronScheme.Web.csproj", "{7BABDF0D-A9D2-4089-9ED6-27DFC6F3D498}"
	ProjectSection(WebsiteProperties) = preProject
		Debug.AspNetCompiler.Debug = "True"
		Release.AspNetCompiler.Debug = "False"
	EndProjectSection
EndProject
Global
	GlobalSection(TeamFoundationVersionControl) = preSolution
		SccNumberOfProjects = 7
		SccEnterpriseProvider = {4CA58AB2-18FA-4F8D-95D4-32DDF27D184C}
		SccTeamFoundationServer = https://tfs02.codeplex.com/
		SccLocalPath0 = .
		SccProjectUniqueName1 = IronScheme\\IronScheme.csproj
		SccProjectName1 = IronScheme
		SccLocalPath1 = IronScheme
		SccProjectUniqueName2 = Microsoft.Scripting\\Microsoft.Scripting.csproj
		SccProjectName2 = Microsoft.Scripting
		SccLocalPath2 = Microsoft.Scripting
		SccProjectUniqueName3 = IronSchemeConsole\\IronScheme.Console.csproj
		SccProjectName3 = IronSchemeConsole
		SccLocalPath3 = IronSchemeConsole
		SccProjectUniqueName4 = IronScheme.Closures\\IronScheme.Closures.csproj
		SccProjectName4 = IronScheme.Closures
		SccLocalPath4 = IronScheme.Closures
		SccProjectUniqueName5 = TailCallMaker\\TailCallMaker.csproj
		SccProjectTopLevelParentUniqueName5 = IronScheme.sln
		SccProjectName5 = TailCallMaker
		SccLocalPath5 = TailCallMaker
		SccProjectUniqueName6 = IronScheme.Web\\IronScheme.Web.csproj
		SccProjectName6 = IronScheme.Web
		SccLocalPath6 = IronScheme.Web
	EndGlobalSection
	GlobalSection(SolutionConfigurationPlatforms) = preSolution
		Debug|Any CPU = Debug|Any CPU
		Release|Any CPU = Release|Any CPU
	EndGlobalSection
	GlobalSection(ProjectConfigurationPlatforms) = postSolution
		{04D8D17C-DF2F-4894-9A66-2E75A78A5D22}.Debug|Any CPU.ActiveCfg = Debug|Any CPU
		{04D8D17C-DF2F-4894-9A66-2E75A78A5D22}.Debug|Any CPU.Build.0 = Debug|Any CPU
		{04D8D17C-DF2F-4894-9A66-2E75A78A5D22}.Release|Any CPU.ActiveCfg = Release|Any CPU
		{04D8D17C-DF2F-4894-9A66-2E75A78A5D22}.Release|Any CPU.Build.0 = Release|Any CPU
		{2AE75F5A-CD1F-4925-9647-AF4D1C282FB4}.Debug|Any CPU.ActiveCfg = Debug|Any CPU
		{2AE75F5A-CD1F-4925-9647-AF4D1C282FB4}.Debug|Any CPU.Build.0 = Debug|Any CPU
		{2AE75F5A-CD1F-4925-9647-AF4D1C282FB4}.Release|Any CPU.ActiveCfg = Release|Any CPU
		{2AE75F5A-CD1F-4925-9647-AF4D1C282FB4}.Release|Any CPU.Build.0 = Release|Any CPU
		{5E6FDEC6-9AF4-4DFD-804E-D8A131326C20}.Debug|Any CPU.ActiveCfg = Debug|Any CPU
		{5E6FDEC6-9AF4-4DFD-804E-D8A131326C20}.Debug|Any CPU.Build.0 = Debug|Any CPU
		{5E6FDEC6-9AF4-4DFD-804E-D8A131326C20}.Release|Any CPU.ActiveCfg = Release|Any CPU
		{5E6FDEC6-9AF4-4DFD-804E-D8A131326C20}.Release|Any CPU.Build.0 = Release|Any CPU
		{8554DCC7-7F8E-4F98-AA54-C27DAA550D4C}.Debug|Any CPU.ActiveCfg = Debug|Any CPU
		{8554DCC7-7F8E-4F98-AA54-C27DAA550D4C}.Debug|Any CPU.Build.0 = Debug|Any CPU
		{8554DCC7-7F8E-4F98-AA54-C27DAA550D4C}.Release|Any CPU.ActiveCfg = Release|Any CPU
		{8554DCC7-7F8E-4F98-AA54-C27DAA550D4C}.Release|Any CPU.Build.0 = Release|Any CPU
		{36084D27-12DC-40FE-BE74-C830B7D0F620}.Debug|Any CPU.ActiveCfg = Debug|Any CPU
		{36084D27-12DC-40FE-BE74-C830B7D0F620}.Debug|Any CPU.Build.0 = Debug|Any CPU
		{36084D27-12DC-40FE-BE74-C830B7D0F620}.Release|Any CPU.ActiveCfg = Release|Any CPU
		{36084D27-12DC-40FE-BE74-C830B7D0F620}.Release|Any CPU.Build.0 = Release|Any CPU
		{7BABDF0D-A9D2-4089-9ED6-27DFC6F3D498}.Debug|Any CPU.ActiveCfg = Debug|Any CPU
		{7BABDF0D-A9D2-4089-9ED6-27DFC6F3D498}.Debug|Any CPU.Build.0 = Debug|Any CPU
		{7BABDF0D-A9D2-4089-9ED6-27DFC6F3D498}.Release|Any CPU.ActiveCfg = Release|Any CPU
		{7BABDF0D-A9D2-4089-9ED6-27DFC6F3D498}.Release|Any CPU.Build.0 = Release|Any CPU
	EndGlobalSection
	GlobalSection(SolutionProperties) = preSolution
		HideSolutionNode = FALSE
	EndGlobalSection
	GlobalSection(NestedProjects) = preSolution
		{36084D27-12DC-40FE-BE74-C830B7D0F620} = {06F93FA9-2424-489F-8F3B-F1F7165E5A44}
	EndGlobalSection
EndGlobal
