
Microsoft Visual Studio Solution File, Format Version 12.00
# Visual Studio Version 17
VisualStudioVersion = 17.4.32916.344
MinimumVisualStudioVersion = 10.0.40219.1
Project("{2150E333-8FDC-42A3-9474-1A3956D46DE8}") = "Solution Items", "Solution Items", "{8E8F0778-DF4A-4B58-8A4B-9922BDF96D58}"
	ProjectSection(SolutionItems) = preProject
		Directory.Build.props = Directory.Build.props
		Directory.Build.targets = Directory.Build.targets
		LICENSE.txt = LICENSE.txt
		NuGet.config = NuGet.config
		..\README.md = ..\README.md
	EndProjectSection
EndProject
Project("{2150E333-8FDC-42A3-9474-1A3956D46DE8}") = "Tools", "Tools", "{06F93FA9-2424-489F-8F3B-F1F7165E5A44}"
	ProjectSection(SolutionItems) = preProject
		tools\gplexx.frame = tools\gplexx.frame
		tools\IronScheme.Profiler.x64.dll = tools\IronScheme.Profiler.x64.dll
		tools\IronScheme.Profiler.x86.dll = tools\IronScheme.Profiler.x86.dll
	EndProjectSection
EndProject
Project("{9A19103F-16F7-4668-BE54-9A1E7A4F7556}") = "IronScheme", "IronScheme\IronScheme.csproj", "{04D8D17C-DF2F-4894-9A66-2E75A78A5D22}"
EndProject
Project("{9A19103F-16F7-4668-BE54-9A1E7A4F7556}") = "IronScheme.Scripting", "Microsoft.Scripting\IronScheme.Scripting.csproj", "{2AE75F5A-CD1F-4925-9647-AF4D1C282FB4}"
EndProject
Project("{9A19103F-16F7-4668-BE54-9A1E7A4F7556}") = "IronScheme.Closures", "IronScheme.Closures\IronScheme.Closures.csproj", "{8554DCC7-7F8E-4F98-AA54-C27DAA550D4C}"
EndProject
Project("{9A19103F-16F7-4668-BE54-9A1E7A4F7556}") = "IronScheme.Console", "IronScheme.Console\IronScheme.Console.csproj", "{5E6FDEC6-9AF4-4DFD-804E-D8A131326C20}"
	ProjectSection(ProjectDependencies) = postProject
		{8554DCC7-7F8E-4F98-AA54-C27DAA550D4C} = {8554DCC7-7F8E-4F98-AA54-C27DAA550D4C}
	EndProjectSection
EndProject
Project("{9A19103F-16F7-4668-BE54-9A1E7A4F7556}") = "Oyster.IntX", "Oyster.IntX\Oyster.IntX.csproj", "{371F38E6-8D55-482F-B010-4AFAC11C3CDB}"
EndProject
Project("{9A19103F-16F7-4668-BE54-9A1E7A4F7556}") = "IronScheme.Tests", "IronScheme.Tests\IronScheme.Tests.csproj", "{FF22CD2F-F20D-4558-912B-460A9250BD6B}"
EndProject
Project("{9A19103F-16F7-4668-BE54-9A1E7A4F7556}") = "IronScheme.FrameworkPAL", "IronScheme.FrameworkPAL\IronScheme.FrameworkPAL.csproj", "{5A0F3FDD-C1E0-4DFB-B15B-0C4C17AA5D45}"
EndProject
Project("{9A19103F-16F7-4668-BE54-9A1E7A4F7556}") = "IronScheme.Tests.Extensions", "IronScheme.Tests.Extensions\IronScheme.Tests.Extensions.csproj", "{BAF7E08E-2C51-47B2-B828-734E63AB69E0}"
EndProject
Project("{2150E333-8FDC-42A3-9474-1A3956D46DE8}") = "Scripts", "Scripts", "{8C5B9D2B-6DC3-463C-9573-11BE46632C97}"
	ProjectSection(SolutionItems) = preProject
		build.cmd = build.cmd
		build.sh = build.sh
		clean.cmd = clean.cmd
		package.cmd = package.cmd
		package.sh = package.sh
		test.cmd = test.cmd
		test.sh = test.sh
	EndProjectSection
EndProject
Project("{2150E333-8FDC-42A3-9474-1A3956D46DE8}") = "CI", "CI", "{7A7C2AF7-F813-4DE1-978A-5CA6819BB784}"
	ProjectSection(SolutionItems) = preProject
		..\appveyor.yml = ..\appveyor.yml
		ci-artefact.cmd = ci-artefact.cmd
		..\.github\workflows\build.yml = ..\.github\workflows\build.yml
	EndProjectSection
EndProject
Project("{2150E333-8FDC-42A3-9474-1A3956D46DE8}") = "Other", "Other", "{0A81E939-5D7B-4B1B-93D6-B1E06D6C852F}"
	ProjectSection(SolutionItems) = preProject
		header.bmp = header.bmp
		ironscheme.ico = ironscheme.ico
		logo-128.png = logo-128.png
		logo-192.png = logo-192.png
		welcome.bmp = welcome.bmp
	EndProjectSection
EndProject
Project("{2150E333-8FDC-42A3-9474-1A3956D46DE8}") = "Tests", "Tests", "{9B09255E-5CF2-41CF-9936-ACA41038BEDF}"
EndProject
Global
	GlobalSection(SolutionConfigurationPlatforms) = preSolution
		Debug|Any CPU = Debug|Any CPU
		Release|Any CPU = Release|Any CPU
	EndGlobalSection
	GlobalSection(ProjectConfigurationPlatforms) = postSolution
		{04D8D17C-DF2F-4894-9A66-2E75A78A5D22}.Debug|Any CPU.ActiveCfg = Debug|Any CPU
		{04D8D17C-DF2F-4894-9A66-2E75A78A5D22}.Debug|Any CPU.Build.0 = Debug|Any CPU
		{04D8D17C-DF2F-4894-9A66-2E75A78A5D22}.Release|Any CPU.ActiveCfg = Release|Any CPU
		{04D8D17C-DF2F-4894-9A66-2E75A78A5D22}.Release|Any CPU.Build.0 = Release|Any CPU
		{2AE75F5A-CD1F-4925-9647-AF4D1C282FB4}.Debug|Any CPU.ActiveCfg = Debug|Any CPU
		{2AE75F5A-CD1F-4925-9647-AF4D1C282FB4}.Debug|Any CPU.Build.0 = Debug|Any CPU
		{2AE75F5A-CD1F-4925-9647-AF4D1C282FB4}.Release|Any CPU.ActiveCfg = Release|Any CPU
		{2AE75F5A-CD1F-4925-9647-AF4D1C282FB4}.Release|Any CPU.Build.0 = Release|Any CPU
		{8554DCC7-7F8E-4F98-AA54-C27DAA550D4C}.Debug|Any CPU.ActiveCfg = Debug|Any CPU
		{8554DCC7-7F8E-4F98-AA54-C27DAA550D4C}.Debug|Any CPU.Build.0 = Debug|Any CPU
		{8554DCC7-7F8E-4F98-AA54-C27DAA550D4C}.Release|Any CPU.ActiveCfg = Release|Any CPU
		{8554DCC7-7F8E-4F98-AA54-C27DAA550D4C}.Release|Any CPU.Build.0 = Release|Any CPU
		{5E6FDEC6-9AF4-4DFD-804E-D8A131326C20}.Debug|Any CPU.ActiveCfg = Debug|Any CPU
		{5E6FDEC6-9AF4-4DFD-804E-D8A131326C20}.Debug|Any CPU.Build.0 = Debug|Any CPU
		{5E6FDEC6-9AF4-4DFD-804E-D8A131326C20}.Release|Any CPU.ActiveCfg = Release|Any CPU
		{5E6FDEC6-9AF4-4DFD-804E-D8A131326C20}.Release|Any CPU.Build.0 = Release|Any CPU
		{371F38E6-8D55-482F-B010-4AFAC11C3CDB}.Debug|Any CPU.ActiveCfg = Debug|Any CPU
		{371F38E6-8D55-482F-B010-4AFAC11C3CDB}.Debug|Any CPU.Build.0 = Debug|Any CPU
		{371F38E6-8D55-482F-B010-4AFAC11C3CDB}.Release|Any CPU.ActiveCfg = Release|Any CPU
		{371F38E6-8D55-482F-B010-4AFAC11C3CDB}.Release|Any CPU.Build.0 = Release|Any CPU
		{FF22CD2F-F20D-4558-912B-460A9250BD6B}.Debug|Any CPU.ActiveCfg = Debug|Any CPU
		{FF22CD2F-F20D-4558-912B-460A9250BD6B}.Debug|Any CPU.Build.0 = Debug|Any CPU
		{FF22CD2F-F20D-4558-912B-460A9250BD6B}.Release|Any CPU.ActiveCfg = Release|Any CPU
		{FF22CD2F-F20D-4558-912B-460A9250BD6B}.Release|Any CPU.Build.0 = Release|Any CPU
		{5A0F3FDD-C1E0-4DFB-B15B-0C4C17AA5D45}.Debug|Any CPU.ActiveCfg = Debug|Any CPU
		{5A0F3FDD-C1E0-4DFB-B15B-0C4C17AA5D45}.Debug|Any CPU.Build.0 = Debug|Any CPU
		{5A0F3FDD-C1E0-4DFB-B15B-0C4C17AA5D45}.Release|Any CPU.ActiveCfg = Release|Any CPU
		{5A0F3FDD-C1E0-4DFB-B15B-0C4C17AA5D45}.Release|Any CPU.Build.0 = Release|Any CPU
		{BAF7E08E-2C51-47B2-B828-734E63AB69E0}.Debug|Any CPU.ActiveCfg = Debug|Any CPU
		{BAF7E08E-2C51-47B2-B828-734E63AB69E0}.Debug|Any CPU.Build.0 = Debug|Any CPU
		{BAF7E08E-2C51-47B2-B828-734E63AB69E0}.Release|Any CPU.ActiveCfg = Release|Any CPU
		{BAF7E08E-2C51-47B2-B828-734E63AB69E0}.Release|Any CPU.Build.0 = Release|Any CPU
	EndGlobalSection
	GlobalSection(SolutionProperties) = preSolution
		HideSolutionNode = FALSE
	EndGlobalSection
	GlobalSection(NestedProjects) = preSolution
		{FF22CD2F-F20D-4558-912B-460A9250BD6B} = {9B09255E-5CF2-41CF-9936-ACA41038BEDF}
		{BAF7E08E-2C51-47B2-B828-734E63AB69E0} = {9B09255E-5CF2-41CF-9936-ACA41038BEDF}
		{8C5B9D2B-6DC3-463C-9573-11BE46632C97} = {8E8F0778-DF4A-4B58-8A4B-9922BDF96D58}
		{7A7C2AF7-F813-4DE1-978A-5CA6819BB784} = {8E8F0778-DF4A-4B58-8A4B-9922BDF96D58}
		{0A81E939-5D7B-4B1B-93D6-B1E06D6C852F} = {8E8F0778-DF4A-4B58-8A4B-9922BDF96D58}
	EndGlobalSection
	GlobalSection(ExtensibilityGlobals) = postSolution
		SolutionGuid = {B0B1BE43-E1CE-4EC6-B3D4-03876FF8FDAB}
	EndGlobalSection
EndGlobal
