
Microsoft Visual Studio Solution File, Format Version 10.00
# Visual Studio 2008
Project("{FAE04EC0-301F-11D3-BF4B-00C04F79EFBC}") = "IronScheme", "IronScheme\IronScheme.csproj", "{04D8D17C-DF2F-4894-9A66-2E75A78A5D22}"
EndProject
Project("{2150E333-8FDC-42A3-9474-1A3956D46DE8}") = "Solution Items", "Solution Items", "{8E8F0778-DF4A-4B58-8A4B-9922BDF96D58}"
	ProjectSection(SolutionItems) = preProject
		debugbuild.bat = debugbuild.bat
		DEVELOPMENT.snk = DEVELOPMENT.snk
		header.bmp = header.bmp
		ironscheme.ico = ironscheme.ico
		is2010.patch = is2010.patch
		License.html = License.html
		logo-128.png = logo-128.png
		logo-192.png = logo-192.png
		r6rstest.bat = r6rstest.bat
		releasebuild.bat = releasebuild.bat
		..\sync.sh = ..\sync.sh
		welcome.bmp = welcome.bmp
	EndProjectSection
EndProject
Project("{FAE04EC0-301F-11D3-BF4B-00C04F79EFBC}") = "IronScheme.Scripting", "Microsoft.Scripting\IronScheme.Scripting.csproj", "{2AE75F5A-CD1F-4925-9647-AF4D1C282FB4}"
EndProject
Project("{2150E333-8FDC-42A3-9474-1A3956D46DE8}") = "Tools", "Tools", "{06F93FA9-2424-489F-8F3B-F1F7165E5A44}"
	ProjectSection(SolutionItems) = preProject
		tools\gplex.exe = tools\gplex.exe
		tools\gplexx.frame = tools\gplexx.frame
		tools\gppg.exe = tools\gppg.exe
		tools\IronScheme.Profiler.x64.dll = tools\IronScheme.Profiler.x64.dll
		tools\IronScheme.Profiler.x86.dll = tools\IronScheme.Profiler.x86.dll
		tools\IronScheme.VisualStudio.dll = tools\IronScheme.VisualStudio.dll
		tools\IronScheme.VisualStudio.vsix = tools\IronScheme.VisualStudio.vsix
		tools\Mono.Cecil.dll = tools\Mono.Cecil.dll
		tools\NamespaceRenamer.exe = tools\NamespaceRenamer.exe
		tools\ReferenceRemover.exe = tools\ReferenceRemover.exe
		tools\RegPkg.exe = tools\RegPkg.exe
		tools\RegPkg.exe.config = tools\RegPkg.exe.config
		tools\ShiftReduceParser.dll = tools\ShiftReduceParser.dll
	EndProjectSection
EndProject
Project("{FAE04EC0-301F-11D3-BF4B-00C04F79EFBC}") = "IronScheme.Closures", "IronScheme.Closures\IronScheme.Closures.csproj", "{8554DCC7-7F8E-4F98-AA54-C27DAA550D4C}"
	ProjectSection(ProjectDependencies) = postProject
		{36084D27-12DC-40FE-BE74-C830B7D0F620} = {36084D27-12DC-40FE-BE74-C830B7D0F620}
	EndProjectSection
EndProject
Project("{FAE04EC0-301F-11D3-BF4B-00C04F79EFBC}") = "TailCallMaker", "TailCallMaker\TailCallMaker.csproj", "{36084D27-12DC-40FE-BE74-C830B7D0F620}"
EndProject
Project("{FAE04EC0-301F-11D3-BF4B-00C04F79EFBC}") = "IronScheme.Web", "IronScheme.Web\IronScheme.Web.csproj", "{7BABDF0D-A9D2-4089-9ED6-27DFC6F3D498}"
EndProject
Project("{FAE04EC0-301F-11D3-BF4B-00C04F79EFBC}") = "IronScheme.Console", "IronScheme.Console\IronScheme.Console.csproj", "{5E6FDEC6-9AF4-4DFD-804E-D8A131326C20}"
	ProjectSection(ProjectDependencies) = postProject
		{B034B10F-A70E-4A23-B7A5-1803A3B3F14E} = {B034B10F-A70E-4A23-B7A5-1803A3B3F14E}
		{36084D27-12DC-40FE-BE74-C830B7D0F620} = {36084D27-12DC-40FE-BE74-C830B7D0F620}
		{8554DCC7-7F8E-4F98-AA54-C27DAA550D4C} = {8554DCC7-7F8E-4F98-AA54-C27DAA550D4C}
		{4D2643EB-B0AC-4581-BB4F-6BA5A192DDDF} = {4D2643EB-B0AC-4581-BB4F-6BA5A192DDDF}
	EndProjectSection
EndProject
Project("{FAE04EC0-301F-11D3-BF4B-00C04F79EFBC}") = "EmbeddingConsole", "Samples\EmbeddingConsole\EmbeddingConsole.csproj", "{1D7426EB-2FF1-46C8-8458-442067E66D24}"
EndProject
Project("{2150E333-8FDC-42A3-9474-1A3956D46DE8}") = "Samples", "Samples", "{0F075144-4F66-4BA2-9EA4-F7A9A68D0128}"
EndProject
Project("{FAE04EC0-301F-11D3-BF4B-00C04F79EFBC}") = "EmbeddingSample2", "Samples\EmbeddingSample2\EmbeddingSample2.csproj", "{560818DE-C49E-4798-960F-6DED05BFD8B0}"
EndProject
Project("{FAE04EC0-301F-11D3-BF4B-00C04F79EFBC}") = "IronScheme.Remoting", "IronScheme.Remoting\IronScheme.Remoting.csproj", "{DD78568C-CDB5-4CED-BC9C-C18182ED5945}"
EndProject
Project("{FAE04EC0-301F-11D3-BF4B-00C04F79EFBC}") = "RemotingSample", "Samples\RemotingSample\RemotingSample.csproj", "{4CD245A9-644A-46C0-875F-1B8641AF7A45}"
EndProject
Project("{FAE04EC0-301F-11D3-BF4B-00C04F79EFBC}") = "IronScheme.Web.Runtime", "IronScheme.Web.Runtime\IronScheme.Web.Runtime.csproj", "{07D0A60A-8320-4F70-AA3B-7C75008C0009}"
EndProject
Project("{FAE04EC0-301F-11D3-BF4B-00C04F79EFBC}") = "IronScheme.WebServer", "IronScheme.WebServer\IronScheme.WebServer.csproj", "{B034B10F-A70E-4A23-B7A5-1803A3B3F14E}"
EndProject
Project("{2150E333-8FDC-42A3-9474-1A3956D46DE8}") = "Web", "Web", "{6C400E24-82F5-4A10-A108-C0BD7FC7E8F5}"
EndProject
Project("{2150E333-8FDC-42A3-9474-1A3956D46DE8}") = "Remoting", "Remoting", "{8ED223BB-6188-4162-8B6F-593B6A32F1AC}"
EndProject
Project("{FAE04EC0-301F-11D3-BF4B-00C04F79EFBC}") = "IronScheme.Remoting.Server", "IronScheme.Remoting.Server\IronScheme.Remoting.Server.csproj", "{88AEA620-7094-4DA8-BFDA-1132A502111E}"
EndProject
Project("{FAE04EC0-301F-11D3-BF4B-00C04F79EFBC}") = "IronScheme.Remoting.Client", "IronScheme.Remoting.Client\IronScheme.Remoting.Client.csproj", "{2BD91A4C-D8D4-4FB3-90DF-03F7541A7BD9}"
EndProject
Project("{FAE04EC0-301F-11D3-BF4B-00C04F79EFBC}") = "IronScheme.LibraryBrowser", "IronScheme.LibraryBrowser\IronScheme.LibraryBrowser.csproj", "{4D2643EB-B0AC-4581-BB4F-6BA5A192DDDF}"
EndProject
Project("{FAE04EC0-301F-11D3-BF4B-00C04F79EFBC}") = "Oyster.IntX", "Oyster.IntX\Oyster.IntX.csproj", "{371F38E6-8D55-482F-B010-4AFAC11C3CDB}"
EndProject
Project("{FAE04EC0-301F-11D3-BF4B-00C04F79EFBC}") = "IronScheme.Web.Eval", "IronScheme.Web.Eval\IronScheme.Web.Eval.csproj", "{62337EB3-2E19-4C32-B4C7-548A613C33EE}"
EndProject
Global
	GlobalSection(TeamFoundationVersionControl) = preSolution
		SccNumberOfProjects = 18
		SccEnterpriseProvider = {4CA58AB2-18FA-4F8D-95D4-32DDF27D184C}
		SccTeamFoundationServer = https://tfs.codeplex.com/tfs/TFS02
		SccLocalPath0 = .
		SccProjectUniqueName1 = IronScheme\\IronScheme.csproj
		SccProjectName1 = IronScheme
		SccLocalPath1 = IronScheme
		SccProjectUniqueName2 = IronScheme.Closures\\IronScheme.Closures.csproj
		SccProjectName2 = IronScheme.Closures
		SccLocalPath2 = IronScheme.Closures
		SccProjectUniqueName3 = TailCallMaker\\TailCallMaker.csproj
		SccProjectTopLevelParentUniqueName3 = IronScheme2008.sln
		SccProjectName3 = TailCallMaker
		SccLocalPath3 = TailCallMaker
		SccProjectUniqueName4 = IronScheme.Web\\IronScheme.Web.csproj
		SccProjectTopLevelParentUniqueName4 = IronScheme2008.sln
		SccProjectName4 = IronScheme.Web
		SccLocalPath4 = IronScheme.Web
		SccProjectUniqueName5 = IronScheme.Console\\IronScheme.Console.csproj
		SccProjectName5 = IronScheme.Console
		SccLocalPath5 = IronScheme.Console
		SccProjectUniqueName6 = Samples\\EmbeddingConsole\\EmbeddingConsole.csproj
		SccProjectTopLevelParentUniqueName6 = IronScheme2008.sln
		SccProjectName6 = Samples/EmbeddingConsole
		SccLocalPath6 = Samples\\EmbeddingConsole
		SccProjectUniqueName7 = Samples\\EmbeddingSample2\\EmbeddingSample2.csproj
		SccProjectTopLevelParentUniqueName7 = IronScheme2008.sln
		SccProjectName7 = Samples/EmbeddingSample2
		SccLocalPath7 = Samples\\EmbeddingSample2
		SccProjectUniqueName8 = IronScheme.Remoting\\IronScheme.Remoting.csproj
		SccProjectTopLevelParentUniqueName8 = IronScheme2008.sln
		SccProjectName8 = IronScheme.Remoting
		SccLocalPath8 = IronScheme.Remoting
		SccProjectUniqueName9 = Samples\\RemotingSample\\RemotingSample.csproj
		SccProjectTopLevelParentUniqueName9 = IronScheme2008.sln
		SccProjectName9 = Samples/RemotingSample
		SccLocalPath9 = Samples\\RemotingSample
		SccProjectUniqueName10 = IronScheme.Web.Runtime\\IronScheme.Web.Runtime.csproj
		SccProjectTopLevelParentUniqueName10 = IronScheme2008.sln
		SccProjectName10 = IronScheme.Web.Runtime
		SccLocalPath10 = IronScheme.Web.Runtime
		SccProjectUniqueName11 = IronScheme.WebServer\\IronScheme.WebServer.csproj
		SccProjectTopLevelParentUniqueName11 = IronScheme2008.sln
		SccProjectName11 = IronScheme.WebServer
		SccLocalPath11 = IronScheme.WebServer
		SccProjectUniqueName12 = IronScheme.Remoting.Server\\IronScheme.Remoting.Server.csproj
		SccProjectTopLevelParentUniqueName12 = IronScheme2008.sln
		SccProjectName12 = IronScheme.Remoting.Server
		SccLocalPath12 = IronScheme.Remoting.Server
		SccProjectUniqueName13 = IronScheme.Remoting.Client\\IronScheme.Remoting.Client.csproj
		SccProjectTopLevelParentUniqueName13 = IronScheme2008.sln
		SccProjectName13 = IronScheme.Remoting.Client
		SccLocalPath13 = IronScheme.Remoting.Client
		SccProjectUniqueName14 = IronScheme.LibraryBrowser\\IronScheme.LibraryBrowser.csproj
		SccProjectTopLevelParentUniqueName14 = IronScheme2008.sln
		SccProjectName14 = IronScheme.LibraryBrowser
		SccLocalPath14 = IronScheme.LibraryBrowser
		SccProjectUniqueName15 = Oyster.IntX\\Oyster.IntX.csproj
		SccProjectName15 = Oyster.IntX
		SccLocalPath15 = Oyster.IntX
		SccProjectUniqueName16 = IronScheme.Web.Eval\\IronScheme.Web.Eval.csproj
		SccProjectTopLevelParentUniqueName16 = IronScheme2008.sln
		SccProjectName16 = IronScheme.Web.Eval
		SccLocalPath16 = IronScheme.Web.Eval
		SccProjectUniqueName17 = Microsoft.Scripting\\IronScheme.Scripting.csproj
		SccProjectName17 = Microsoft.Scripting
		SccLocalPath17 = Microsoft.Scripting
	EndGlobalSection
	GlobalSection(SolutionConfigurationPlatforms) = preSolution
		Debug|Any CPU = Debug|Any CPU
		Release|Any CPU = Release|Any CPU
	EndGlobalSection
	GlobalSection(ProjectConfigurationPlatforms) = postSolution
		{04D8D17C-DF2F-4894-9A66-2E75A78A5D22}.Debug|Any CPU.ActiveCfg = Debug|Any CPU
		{04D8D17C-DF2F-4894-9A66-2E75A78A5D22}.Debug|Any CPU.Build.0 = Debug|Any CPU
		{04D8D17C-DF2F-4894-9A66-2E75A78A5D22}.Release|Any CPU.ActiveCfg = Release|Any CPU
		{04D8D17C-DF2F-4894-9A66-2E75A78A5D22}.Release|Any CPU.Build.0 = Release|Any CPU
		{2AE75F5A-CD1F-4925-9647-AF4D1C282FB4}.Debug|Any CPU.ActiveCfg = Debug|Any CPU
		{2AE75F5A-CD1F-4925-9647-AF4D1C282FB4}.Debug|Any CPU.Build.0 = Debug|Any CPU
		{2AE75F5A-CD1F-4925-9647-AF4D1C282FB4}.Release|Any CPU.ActiveCfg = Release|Any CPU
		{2AE75F5A-CD1F-4925-9647-AF4D1C282FB4}.Release|Any CPU.Build.0 = Release|Any CPU
		{8554DCC7-7F8E-4F98-AA54-C27DAA550D4C}.Debug|Any CPU.ActiveCfg = Debug|Any CPU
		{8554DCC7-7F8E-4F98-AA54-C27DAA550D4C}.Debug|Any CPU.Build.0 = Debug|Any CPU
		{8554DCC7-7F8E-4F98-AA54-C27DAA550D4C}.Release|Any CPU.ActiveCfg = Release|Any CPU
		{8554DCC7-7F8E-4F98-AA54-C27DAA550D4C}.Release|Any CPU.Build.0 = Release|Any CPU
		{36084D27-12DC-40FE-BE74-C830B7D0F620}.Debug|Any CPU.ActiveCfg = Debug|Any CPU
		{36084D27-12DC-40FE-BE74-C830B7D0F620}.Debug|Any CPU.Build.0 = Debug|Any CPU
		{36084D27-12DC-40FE-BE74-C830B7D0F620}.Release|Any CPU.ActiveCfg = Release|Any CPU
		{36084D27-12DC-40FE-BE74-C830B7D0F620}.Release|Any CPU.Build.0 = Release|Any CPU
		{7BABDF0D-A9D2-4089-9ED6-27DFC6F3D498}.Debug|Any CPU.ActiveCfg = Debug|Any CPU
		{7BABDF0D-A9D2-4089-9ED6-27DFC6F3D498}.Debug|Any CPU.Build.0 = Debug|Any CPU
		{7BABDF0D-A9D2-4089-9ED6-27DFC6F3D498}.Release|Any CPU.ActiveCfg = Release|Any CPU
		{7BABDF0D-A9D2-4089-9ED6-27DFC6F3D498}.Release|Any CPU.Build.0 = Release|Any CPU
		{5E6FDEC6-9AF4-4DFD-804E-D8A131326C20}.Debug|Any CPU.ActiveCfg = Debug|Any CPU
		{5E6FDEC6-9AF4-4DFD-804E-D8A131326C20}.Debug|Any CPU.Build.0 = Debug|Any CPU
		{5E6FDEC6-9AF4-4DFD-804E-D8A131326C20}.Release|Any CPU.ActiveCfg = Release|Any CPU
		{5E6FDEC6-9AF4-4DFD-804E-D8A131326C20}.Release|Any CPU.Build.0 = Release|Any CPU
		{1D7426EB-2FF1-46C8-8458-442067E66D24}.Debug|Any CPU.ActiveCfg = Debug|Any CPU
		{1D7426EB-2FF1-46C8-8458-442067E66D24}.Debug|Any CPU.Build.0 = Debug|Any CPU
		{1D7426EB-2FF1-46C8-8458-442067E66D24}.Release|Any CPU.ActiveCfg = Release|Any CPU
		{1D7426EB-2FF1-46C8-8458-442067E66D24}.Release|Any CPU.Build.0 = Release|Any CPU
		{560818DE-C49E-4798-960F-6DED05BFD8B0}.Debug|Any CPU.ActiveCfg = Debug|Any CPU
		{560818DE-C49E-4798-960F-6DED05BFD8B0}.Debug|Any CPU.Build.0 = Debug|Any CPU
		{560818DE-C49E-4798-960F-6DED05BFD8B0}.Release|Any CPU.ActiveCfg = Release|Any CPU
		{DD78568C-CDB5-4CED-BC9C-C18182ED5945}.Debug|Any CPU.ActiveCfg = Debug|Any CPU
		{DD78568C-CDB5-4CED-BC9C-C18182ED5945}.Debug|Any CPU.Build.0 = Debug|Any CPU
		{DD78568C-CDB5-4CED-BC9C-C18182ED5945}.Release|Any CPU.ActiveCfg = Release|Any CPU
		{DD78568C-CDB5-4CED-BC9C-C18182ED5945}.Release|Any CPU.Build.0 = Release|Any CPU
		{4CD245A9-644A-46C0-875F-1B8641AF7A45}.Debug|Any CPU.ActiveCfg = Debug|Any CPU
		{4CD245A9-644A-46C0-875F-1B8641AF7A45}.Debug|Any CPU.Build.0 = Debug|Any CPU
		{4CD245A9-644A-46C0-875F-1B8641AF7A45}.Release|Any CPU.ActiveCfg = Release|Any CPU
		{4CD245A9-644A-46C0-875F-1B8641AF7A45}.Release|Any CPU.Build.0 = Release|Any CPU
		{07D0A60A-8320-4F70-AA3B-7C75008C0009}.Debug|Any CPU.ActiveCfg = Debug|Any CPU
		{07D0A60A-8320-4F70-AA3B-7C75008C0009}.Debug|Any CPU.Build.0 = Debug|Any CPU
		{07D0A60A-8320-4F70-AA3B-7C75008C0009}.Release|Any CPU.ActiveCfg = Release|Any CPU
		{07D0A60A-8320-4F70-AA3B-7C75008C0009}.Release|Any CPU.Build.0 = Release|Any CPU
		{B034B10F-A70E-4A23-B7A5-1803A3B3F14E}.Debug|Any CPU.ActiveCfg = Debug|Any CPU
		{B034B10F-A70E-4A23-B7A5-1803A3B3F14E}.Debug|Any CPU.Build.0 = Debug|Any CPU
		{B034B10F-A70E-4A23-B7A5-1803A3B3F14E}.Release|Any CPU.ActiveCfg = Release|Any CPU
		{B034B10F-A70E-4A23-B7A5-1803A3B3F14E}.Release|Any CPU.Build.0 = Release|Any CPU
		{88AEA620-7094-4DA8-BFDA-1132A502111E}.Debug|Any CPU.ActiveCfg = Debug|Any CPU
		{88AEA620-7094-4DA8-BFDA-1132A502111E}.Debug|Any CPU.Build.0 = Debug|Any CPU
		{88AEA620-7094-4DA8-BFDA-1132A502111E}.Release|Any CPU.ActiveCfg = Release|Any CPU
		{88AEA620-7094-4DA8-BFDA-1132A502111E}.Release|Any CPU.Build.0 = Release|Any CPU
		{2BD91A4C-D8D4-4FB3-90DF-03F7541A7BD9}.Debug|Any CPU.ActiveCfg = Debug|Any CPU
		{2BD91A4C-D8D4-4FB3-90DF-03F7541A7BD9}.Debug|Any CPU.Build.0 = Debug|Any CPU
		{2BD91A4C-D8D4-4FB3-90DF-03F7541A7BD9}.Release|Any CPU.ActiveCfg = Release|Any CPU
		{2BD91A4C-D8D4-4FB3-90DF-03F7541A7BD9}.Release|Any CPU.Build.0 = Release|Any CPU
		{4D2643EB-B0AC-4581-BB4F-6BA5A192DDDF}.Debug|Any CPU.ActiveCfg = Debug|Any CPU
		{4D2643EB-B0AC-4581-BB4F-6BA5A192DDDF}.Debug|Any CPU.Build.0 = Debug|Any CPU
		{4D2643EB-B0AC-4581-BB4F-6BA5A192DDDF}.Release|Any CPU.ActiveCfg = Release|Any CPU
		{4D2643EB-B0AC-4581-BB4F-6BA5A192DDDF}.Release|Any CPU.Build.0 = Release|Any CPU
		{371F38E6-8D55-482F-B010-4AFAC11C3CDB}.Debug|Any CPU.ActiveCfg = Debug|Any CPU
		{371F38E6-8D55-482F-B010-4AFAC11C3CDB}.Debug|Any CPU.Build.0 = Debug|Any CPU
		{371F38E6-8D55-482F-B010-4AFAC11C3CDB}.Release|Any CPU.ActiveCfg = Release|Any CPU
		{371F38E6-8D55-482F-B010-4AFAC11C3CDB}.Release|Any CPU.Build.0 = Release|Any CPU
		{62337EB3-2E19-4C32-B4C7-548A613C33EE}.Debug|Any CPU.ActiveCfg = Debug|Any CPU
		{62337EB3-2E19-4C32-B4C7-548A613C33EE}.Debug|Any CPU.Build.0 = Debug|Any CPU
		{62337EB3-2E19-4C32-B4C7-548A613C33EE}.Release|Any CPU.ActiveCfg = Release|Any CPU
		{62337EB3-2E19-4C32-B4C7-548A613C33EE}.Release|Any CPU.Build.0 = Release|Any CPU
	EndGlobalSection
	GlobalSection(SolutionProperties) = preSolution
		HideSolutionNode = FALSE
	EndGlobalSection
	GlobalSection(NestedProjects) = preSolution
		{36084D27-12DC-40FE-BE74-C830B7D0F620} = {06F93FA9-2424-489F-8F3B-F1F7165E5A44}
		{07D0A60A-8320-4F70-AA3B-7C75008C0009} = {6C400E24-82F5-4A10-A108-C0BD7FC7E8F5}
		{B034B10F-A70E-4A23-B7A5-1803A3B3F14E} = {6C400E24-82F5-4A10-A108-C0BD7FC7E8F5}
		{7BABDF0D-A9D2-4089-9ED6-27DFC6F3D498} = {6C400E24-82F5-4A10-A108-C0BD7FC7E8F5}
		{4D2643EB-B0AC-4581-BB4F-6BA5A192DDDF} = {6C400E24-82F5-4A10-A108-C0BD7FC7E8F5}
		{62337EB3-2E19-4C32-B4C7-548A613C33EE} = {6C400E24-82F5-4A10-A108-C0BD7FC7E8F5}
		{1D7426EB-2FF1-46C8-8458-442067E66D24} = {0F075144-4F66-4BA2-9EA4-F7A9A68D0128}
		{560818DE-C49E-4798-960F-6DED05BFD8B0} = {0F075144-4F66-4BA2-9EA4-F7A9A68D0128}
		{4CD245A9-644A-46C0-875F-1B8641AF7A45} = {0F075144-4F66-4BA2-9EA4-F7A9A68D0128}
		{DD78568C-CDB5-4CED-BC9C-C18182ED5945} = {8ED223BB-6188-4162-8B6F-593B6A32F1AC}
		{88AEA620-7094-4DA8-BFDA-1132A502111E} = {8ED223BB-6188-4162-8B6F-593B6A32F1AC}
		{2BD91A4C-D8D4-4FB3-90DF-03F7541A7BD9} = {8ED223BB-6188-4162-8B6F-593B6A32F1AC}
	EndGlobalSection
EndGlobal
