
Microsoft Visual Studio Solution File, Format Version 9.00
# Visual Studio 2005
Project("{FAE04EC0-301F-11D3-BF4B-00C04F79EFBC}") = "IronScheme", "IronScheme\IronScheme.csproj", "{04D8D17C-DF2F-4894-9A66-2E75A78A5D22}"
EndProject
Project("{2150E333-8FDC-42A3-9474-1A3956D46DE8}") = "Solution Items", "Solution Items", "{8E8F0778-DF4A-4B58-8A4B-9922BDF96D58}"
	ProjectSection(SolutionItems) = preProject
		dlr.diff = dlr.diff
		IronScheme.Closures.dll = IronScheme.Closures.dll
		License.html = License.html
		todo.txt = todo.txt
	EndProjectSection
EndProject
Project("{FAE04EC0-301F-11D3-BF4B-00C04F79EFBC}") = "Microsoft.Scripting", "Microsoft.Scripting\Microsoft.Scripting.csproj", "{2AE75F5A-CD1F-4925-9647-AF4D1C282FB4}"
EndProject
Project("{FAE04EC0-301F-11D3-BF4B-00C04F79EFBC}") = "IronScheme.Console", "IronSchemeConsole\IronScheme.Console.csproj", "{5E6FDEC6-9AF4-4DFD-804E-D8A131326C20}"
EndProject
Project("{2150E333-8FDC-42A3-9474-1A3956D46DE8}") = "Tools", "Tools", "{06F93FA9-2424-489F-8F3B-F1F7165E5A44}"
	ProjectSection(SolutionItems) = preProject
		tools\gplex.exe = tools\gplex.exe
		tools\gplexx.frame = tools\gplexx.frame
		tools\gppg.exe = tools\gppg.exe
		tools\ShiftReduceParser.dll = tools\ShiftReduceParser.dll
	EndProjectSection
EndProject
Project("{FAE04EC0-301F-11D3-BF4B-00C04F79EFBC}") = "IronScheme.Diagnostics", "IronScheme.Diagnostics\IronScheme.Diagnostics.csproj", "{EC64AB10-2924-473F-BF1E-EC5E73C345CB}"
EndProject
Project("{FAE04EC0-301F-11D3-BF4B-00C04F79EFBC}") = "IronScheme.Clr", "IronScheme.Clr\IronScheme.Clr.csproj", "{5AD643C7-80C7-42A4-82B5-05ACF677FA83}"
EndProject
Project("{FAE04EC0-301F-11D3-BF4B-00C04F79EFBC}") = "IronScheme.Closures", "IronScheme.Closures\IronScheme.Closures.csproj", "{8554DCC7-7F8E-4F98-AA54-C27DAA550D4C}"
EndProject
Global
	GlobalSection(TeamFoundationVersionControl) = preSolution
		SccNumberOfProjects = 7
		SccEnterpriseProvider = {4CA58AB2-18FA-4F8D-95D4-32DDF27D184C}
		SccTeamFoundationServer = https://tfs02.codeplex.com/
		SccLocalPath0 = .
		SccProjectUniqueName1 = IronScheme\\IronScheme.csproj
		SccProjectName1 = IronScheme
		SccLocalPath1 = IronScheme
		SccProjectUniqueName2 = Microsoft.Scripting\\Microsoft.Scripting.csproj
		SccProjectName2 = Microsoft.Scripting
		SccLocalPath2 = Microsoft.Scripting
		SccProjectUniqueName3 = IronScheme.Diagnostics\\IronScheme.Diagnostics.csproj
		SccProjectName3 = IronScheme.Diagnostics
		SccLocalPath3 = IronScheme.Diagnostics
		SccProjectUniqueName4 = IronScheme.Clr\\IronScheme.Clr.csproj
		SccProjectName4 = IronScheme.Clr
		SccLocalPath4 = IronScheme.Clr
		SccProjectUniqueName5 = IronSchemeConsole\\IronScheme.Console.csproj
		SccProjectName5 = IronSchemeConsole
		SccLocalPath5 = IronSchemeConsole
		SccProjectUniqueName6 = IronScheme.Closures\\IronScheme.Closures.csproj
		SccProjectName6 = IronScheme.Closures
		SccLocalPath6 = IronScheme.Closures
	EndGlobalSection
	GlobalSection(SolutionConfigurationPlatforms) = preSolution
		Debug|Any CPU = Debug|Any CPU
		FxCop|Any CPU = FxCop|Any CPU
		Release|Any CPU = Release|Any CPU
		Silverlight Debug|Any CPU = Silverlight Debug|Any CPU
		Silverlight Release|Any CPU = Silverlight Release|Any CPU
	EndGlobalSection
	GlobalSection(ProjectConfigurationPlatforms) = postSolution
		{04D8D17C-DF2F-4894-9A66-2E75A78A5D22}.Debug|Any CPU.ActiveCfg = Debug|Any CPU
		{04D8D17C-DF2F-4894-9A66-2E75A78A5D22}.Debug|Any CPU.Build.0 = Debug|Any CPU
		{04D8D17C-DF2F-4894-9A66-2E75A78A5D22}.FxCop|Any CPU.ActiveCfg = Release|Any CPU
		{04D8D17C-DF2F-4894-9A66-2E75A78A5D22}.FxCop|Any CPU.Build.0 = Release|Any CPU
		{04D8D17C-DF2F-4894-9A66-2E75A78A5D22}.Release|Any CPU.ActiveCfg = Release|Any CPU
		{04D8D17C-DF2F-4894-9A66-2E75A78A5D22}.Release|Any CPU.Build.0 = Release|Any CPU
		{04D8D17C-DF2F-4894-9A66-2E75A78A5D22}.Silverlight Debug|Any CPU.ActiveCfg = Debug|Any CPU
		{04D8D17C-DF2F-4894-9A66-2E75A78A5D22}.Silverlight Debug|Any CPU.Build.0 = Debug|Any CPU
		{04D8D17C-DF2F-4894-9A66-2E75A78A5D22}.Silverlight Release|Any CPU.ActiveCfg = Release|Any CPU
		{04D8D17C-DF2F-4894-9A66-2E75A78A5D22}.Silverlight Release|Any CPU.Build.0 = Release|Any CPU
		{2AE75F5A-CD1F-4925-9647-AF4D1C282FB4}.Debug|Any CPU.ActiveCfg = Debug|Any CPU
		{2AE75F5A-CD1F-4925-9647-AF4D1C282FB4}.Debug|Any CPU.Build.0 = Debug|Any CPU
		{2AE75F5A-CD1F-4925-9647-AF4D1C282FB4}.FxCop|Any CPU.ActiveCfg = FxCop|Any CPU
		{2AE75F5A-CD1F-4925-9647-AF4D1C282FB4}.FxCop|Any CPU.Build.0 = FxCop|Any CPU
		{2AE75F5A-CD1F-4925-9647-AF4D1C282FB4}.Release|Any CPU.ActiveCfg = Release|Any CPU
		{2AE75F5A-CD1F-4925-9647-AF4D1C282FB4}.Release|Any CPU.Build.0 = Release|Any CPU
		{2AE75F5A-CD1F-4925-9647-AF4D1C282FB4}.Silverlight Debug|Any CPU.ActiveCfg = Silverlight Debug|Any CPU
		{2AE75F5A-CD1F-4925-9647-AF4D1C282FB4}.Silverlight Debug|Any CPU.Build.0 = Silverlight Debug|Any CPU
		{2AE75F5A-CD1F-4925-9647-AF4D1C282FB4}.Silverlight Release|Any CPU.ActiveCfg = Silverlight Release|Any CPU
		{2AE75F5A-CD1F-4925-9647-AF4D1C282FB4}.Silverlight Release|Any CPU.Build.0 = Silverlight Release|Any CPU
		{5E6FDEC6-9AF4-4DFD-804E-D8A131326C20}.Debug|Any CPU.ActiveCfg = Debug|Any CPU
		{5E6FDEC6-9AF4-4DFD-804E-D8A131326C20}.Debug|Any CPU.Build.0 = Debug|Any CPU
		{5E6FDEC6-9AF4-4DFD-804E-D8A131326C20}.FxCop|Any CPU.ActiveCfg = Release|Any CPU
		{5E6FDEC6-9AF4-4DFD-804E-D8A131326C20}.FxCop|Any CPU.Build.0 = Release|Any CPU
		{5E6FDEC6-9AF4-4DFD-804E-D8A131326C20}.Release|Any CPU.ActiveCfg = Release|Any CPU
		{5E6FDEC6-9AF4-4DFD-804E-D8A131326C20}.Release|Any CPU.Build.0 = Release|Any CPU
		{5E6FDEC6-9AF4-4DFD-804E-D8A131326C20}.Silverlight Debug|Any CPU.ActiveCfg = Debug|Any CPU
		{5E6FDEC6-9AF4-4DFD-804E-D8A131326C20}.Silverlight Debug|Any CPU.Build.0 = Debug|Any CPU
		{5E6FDEC6-9AF4-4DFD-804E-D8A131326C20}.Silverlight Release|Any CPU.ActiveCfg = Release|Any CPU
		{5E6FDEC6-9AF4-4DFD-804E-D8A131326C20}.Silverlight Release|Any CPU.Build.0 = Release|Any CPU
		{EC64AB10-2924-473F-BF1E-EC5E73C345CB}.Debug|Any CPU.ActiveCfg = Debug|Any CPU
		{EC64AB10-2924-473F-BF1E-EC5E73C345CB}.Debug|Any CPU.Build.0 = Debug|Any CPU
		{EC64AB10-2924-473F-BF1E-EC5E73C345CB}.FxCop|Any CPU.ActiveCfg = Release|Any CPU
		{EC64AB10-2924-473F-BF1E-EC5E73C345CB}.FxCop|Any CPU.Build.0 = Release|Any CPU
		{EC64AB10-2924-473F-BF1E-EC5E73C345CB}.Release|Any CPU.ActiveCfg = Release|Any CPU
		{EC64AB10-2924-473F-BF1E-EC5E73C345CB}.Release|Any CPU.Build.0 = Release|Any CPU
		{EC64AB10-2924-473F-BF1E-EC5E73C345CB}.Silverlight Debug|Any CPU.ActiveCfg = Debug|Any CPU
		{EC64AB10-2924-473F-BF1E-EC5E73C345CB}.Silverlight Debug|Any CPU.Build.0 = Debug|Any CPU
		{EC64AB10-2924-473F-BF1E-EC5E73C345CB}.Silverlight Release|Any CPU.ActiveCfg = Release|Any CPU
		{EC64AB10-2924-473F-BF1E-EC5E73C345CB}.Silverlight Release|Any CPU.Build.0 = Release|Any CPU
		{5AD643C7-80C7-42A4-82B5-05ACF677FA83}.Debug|Any CPU.ActiveCfg = Debug|Any CPU
		{5AD643C7-80C7-42A4-82B5-05ACF677FA83}.Debug|Any CPU.Build.0 = Debug|Any CPU
		{5AD643C7-80C7-42A4-82B5-05ACF677FA83}.FxCop|Any CPU.ActiveCfg = Release|Any CPU
		{5AD643C7-80C7-42A4-82B5-05ACF677FA83}.FxCop|Any CPU.Build.0 = Release|Any CPU
		{5AD643C7-80C7-42A4-82B5-05ACF677FA83}.Release|Any CPU.ActiveCfg = Release|Any CPU
		{5AD643C7-80C7-42A4-82B5-05ACF677FA83}.Release|Any CPU.Build.0 = Release|Any CPU
		{5AD643C7-80C7-42A4-82B5-05ACF677FA83}.Silverlight Debug|Any CPU.ActiveCfg = Debug|Any CPU
		{5AD643C7-80C7-42A4-82B5-05ACF677FA83}.Silverlight Debug|Any CPU.Build.0 = Debug|Any CPU
		{5AD643C7-80C7-42A4-82B5-05ACF677FA83}.Silverlight Release|Any CPU.ActiveCfg = Release|Any CPU
		{5AD643C7-80C7-42A4-82B5-05ACF677FA83}.Silverlight Release|Any CPU.Build.0 = Release|Any CPU
		{8554DCC7-7F8E-4F98-AA54-C27DAA550D4C}.Debug|Any CPU.ActiveCfg = Debug|Any CPU
		{8554DCC7-7F8E-4F98-AA54-C27DAA550D4C}.FxCop|Any CPU.ActiveCfg = Release|Any CPU
		{8554DCC7-7F8E-4F98-AA54-C27DAA550D4C}.FxCop|Any CPU.Build.0 = Release|Any CPU
		{8554DCC7-7F8E-4F98-AA54-C27DAA550D4C}.Release|Any CPU.ActiveCfg = Release|Any CPU
		{8554DCC7-7F8E-4F98-AA54-C27DAA550D4C}.Silverlight Debug|Any CPU.ActiveCfg = Debug|Any CPU
		{8554DCC7-7F8E-4F98-AA54-C27DAA550D4C}.Silverlight Debug|Any CPU.Build.0 = Debug|Any CPU
		{8554DCC7-7F8E-4F98-AA54-C27DAA550D4C}.Silverlight Release|Any CPU.ActiveCfg = Release|Any CPU
		{8554DCC7-7F8E-4F98-AA54-C27DAA550D4C}.Silverlight Release|Any CPU.Build.0 = Release|Any CPU
	EndGlobalSection
	GlobalSection(SolutionProperties) = preSolution
		HideSolutionNode = FALSE
	EndGlobalSection
EndGlobal
